# THIS IS AN AUTOGENERATED FILE. DO NOT EDIT THIS FILE DIRECTLY.
# yarn lockfile v1


"@types/validator@10.11.3":
  version "10.11.3"
  resolved "https://registry.yarnpkg.com/@types/validator/-/validator-10.11.3.tgz#945799bef24a953c5bc02011ca8ad79331a3ef25"
  integrity sha512-GKF2VnEkMmEeEGvoo03ocrP9ySMuX1ypKazIYMlsjfslfBMhOAtC5dmEWKdJioW4lJN7MZRS88kalTsVClyQ9w==

class-validator@^0.11.1:
  version "0.11.1"
  resolved "https://registry.yarnpkg.com/class-validator/-/class-validator-0.11.1.tgz#9033b9ebdc3883e826dfc0c545a45935e3298553"
  integrity sha512-6CGdjwJLmKw+sQbK5ZDo1v1yTajkqfPOUDWSYVIlhUiCh6Phy8sAnMFE2XKHAcKAdoOz4jJUQhjPQWPYUuHxrA==
  dependencies:
    "@types/validator" "10.11.3"
    google-libphonenumber "^3.1.6"
    validator "12.0.0"

google-libphonenumber@^3.1.6:
  version "3.2.8"
  resolved "https://registry.yarnpkg.com/google-libphonenumber/-/google-libphonenumber-3.2.8.tgz#fb5898cbae18104d456e0fd80df52d860a3eb2b8"
  integrity sha512-iWs1KcxOozmKQbCeGjvU0M7urrkNjBYOSBtb819RjkUNJHJLfn7DADKkKwdJTOMPLcLOE11/4h/FyFwJsTiwLg==

validator@12.0.0:
  version "12.0.0"
  resolved "https://registry.yarnpkg.com/validator/-/validator-12.0.0.tgz#fb33221f5320abe2422cda2f517dc3838064e813"
  integrity sha512-r5zA1cQBEOgYlesRmSEwc9LkbfNLTtji+vWyaHzRZUxCTHdsX3bd+sdHfs5tGZ2W6ILGGsxWxCNwT/h3IY/3ng==
